// !$*UTF8*$!
{
	archiveVersion = 1;
	classes = {
	};
	objectVersion = 56;
	objects = {

/* Begin PBXBuildFile section */
		B34765552B7DEFD2006A11A7 /* AppDelegate.swift in Sources */ = {isa = PBXBuildFile; fileRef = B34765542B7DEFD2006A11A7 /* AppDelegate.swift */; };
		B34765572B7DEFD2006A11A7 /* SceneDelegate.swift in Sources */ = {isa = PBXBuildFile; fileRef = B34765562B7DEFD2006A11A7 /* SceneDelegate.swift */; };
		B34765592B7DEFD2006A11A7 /* ViewController.swift in Sources */ = {isa = PBXBuildFile; fileRef = B34765582B7DEFD2006A11A7 /* ViewController.swift */; };
		B347655C2B7DEFD2006A11A7 /* Main.storyboard in Resources */ = {isa = PBXBuildFile; fileRef = B347655A2B7DEFD2006A11A7 /* Main.storyboard */; };
		B347655E2B7DEFD4006A11A7 /* Assets.xcassets in Resources */ = {isa = PBXBuildFile; fileRef = B347655D2B7DEFD4006A11A7 /* Assets.xcassets */; };
		B34765612B7DEFD4006A11A7 /* LaunchScreen.storyboard in Resources */ = {isa = PBXBuildFile; fileRef = B347655F2B7DEFD4006A11A7 /* LaunchScreen.storyboard */; };
		B347656C2B7DEFD4006A11A7 /* VodimatorTests.swift in Sources */ = {isa = PBXBuildFile; fileRef = B347656B2B7DEFD4006A11A7 /* VodimatorTests.swift */; };
		B34765762B7DEFD4006A11A7 /* VodimatorUITests.swift in Sources */ = {isa = PBXBuildFile; fileRef = B34765752B7DEFD4006A11A7 /* VodimatorUITests.swift */; };
		B34765782B7DEFD4006A11A7 /* VodimatorUITestsLaunchTests.swift in Sources */ = {isa = PBXBuildFile; fileRef = B34765772B7DEFD4006A11A7 /* VodimatorUITestsLaunchTests.swift */; };
		B34765902B7DF0E7006A11A7 /* Secrets.swift in Sources */ = {isa = PBXBuildFile; fileRef = B34765862B7DF0E6006A11A7 /* Secrets.swift */; };
		B34765912B7DF0E7006A11A7 /* SignInView.swift in Sources */ = {isa = PBXBuildFile; fileRef = B34765892B7DF0E7006A11A7 /* SignInView.swift */; };
		B34765922B7DF0E7006A11A7 /* SignInResult.swift in Sources */ = {isa = PBXBuildFile; fileRef = B347658B2B7DF0E7006A11A7 /* SignInResult.swift */; };
		B34765932B7DF0E7006A11A7 /* ServerDetails.swift in Sources */ = {isa = PBXBuildFile; fileRef = B347658C2B7DF0E7006A11A7 /* ServerDetails.swift */; };
		B34765942B7DF0E7006A11A7 /* AuthenticationController.swift in Sources */ = {isa = PBXBuildFile; fileRef = B347658F2B7DF0E7006A11A7 /* AuthenticationController.swift */; };
		B34765952B7DF0F2006A11A7 /* Secrets.swift in Sources */ = {isa = PBXBuildFile; fileRef = B34765862B7DF0E6006A11A7 /* Secrets.swift */; };
		B34765962B7DF11B006A11A7 /* ServerDetails.swift in Sources */ = {isa = PBXBuildFile; fileRef = B347658C2B7DF0E7006A11A7 /* ServerDetails.swift */; };
		B34765972B7DF127006A11A7 /* SignInResult.swift in Sources */ = {isa = PBXBuildFile; fileRef = B347658B2B7DF0E7006A11A7 /* SignInResult.swift */; };
		B34765982B7DF12F006A11A7 /* AuthenticationController.swift in Sources */ = {isa = PBXBuildFile; fileRef = B347658F2B7DF0E7006A11A7 /* AuthenticationController.swift */; };
		B347659A2B7DF1CA006A11A7 /* StringExtensions.swift in Sources */ = {isa = PBXBuildFile; fileRef = B34765992B7DF1CA006A11A7 /* StringExtensions.swift */; };
		B347659B2B7DF1CA006A11A7 /* StringExtensions.swift in Sources */ = {isa = PBXBuildFile; fileRef = B34765992B7DF1CA006A11A7 /* StringExtensions.swift */; };
		B347659D2B7DFF09006A11A7 /* NoticeOfConditionsView.swift in Sources */ = {isa = PBXBuildFile; fileRef = B347659C2B7DFF09006A11A7 /* NoticeOfConditionsView.swift */; };
		B347659F2B7E0141006A11A7 /* Constants.swift in Sources */ = {isa = PBXBuildFile; fileRef = B347659E2B7E0141006A11A7 /* Constants.swift */; };
/* End PBXBuildFile section */

/* Begin PBXContainerItemProxy section */
		B34765682B7DEFD4006A11A7 /* PBXContainerItemProxy */ = {
			isa = PBXContainerItemProxy;
			containerPortal = B34765492B7DEFD2006A11A7 /* Project object */;
			proxyType = 1;
			remoteGlobalIDString = B34765502B7DEFD2006A11A7;
			remoteInfo = Vodimator;
		};
		B34765722B7DEFD4006A11A7 /* PBXContainerItemProxy */ = {
			isa = PBXContainerItemProxy;
			containerPortal = B34765492B7DEFD2006A11A7 /* Project object */;
			proxyType = 1;
			remoteGlobalIDString = B34765502B7DEFD2006A11A7;
			remoteInfo = Vodimator;
		};
/* End PBXContainerItemProxy section */

/* Begin PBXFileReference section */
		B34765512B7DEFD2006A11A7 /* Vodimator.app */ = {isa = PBXFileReference; explicitFileType = wrapper.application; includeInIndex = 0; path = Vodimator.app; sourceTree = BUILT_PRODUCTS_DIR; };
		B34765542B7DEFD2006A11A7 /* AppDelegate.swift */ = {isa = PBXFileReference; lastKnownFileType = sourcecode.swift; path = AppDelegate.swift; sourceTree = "<group>"; };
		B34765562B7DEFD2006A11A7 /* SceneDelegate.swift */ = {isa = PBXFileReference; lastKnownFileType = sourcecode.swift; path = SceneDelegate.swift; sourceTree = "<group>"; };
		B34765582B7DEFD2006A11A7 /* ViewController.swift */ = {isa = PBXFileReference; lastKnownFileType = sourcecode.swift; path = ViewController.swift; sourceTree = "<group>"; };
		B347655B2B7DEFD2006A11A7 /* Base */ = {isa = PBXFileReference; lastKnownFileType = file.storyboard; name = Base; path = Base.lproj/Main.storyboard; sourceTree = "<group>"; };
		B347655D2B7DEFD4006A11A7 /* Assets.xcassets */ = {isa = PBXFileReference; lastKnownFileType = folder.assetcatalog; path = Assets.xcassets; sourceTree = "<group>"; };
		B34765602B7DEFD4006A11A7 /* Base */ = {isa = PBXFileReference; lastKnownFileType = file.storyboard; name = Base; path = Base.lproj/LaunchScreen.storyboard; sourceTree = "<group>"; };
		B34765622B7DEFD4006A11A7 /* Info.plist */ = {isa = PBXFileReference; lastKnownFileType = text.plist.xml; path = Info.plist; sourceTree = "<group>"; };
		B34765672B7DEFD4006A11A7 /* VodimatorTests.xctest */ = {isa = PBXFileReference; explicitFileType = wrapper.cfbundle; includeInIndex = 0; path = VodimatorTests.xctest; sourceTree = BUILT_PRODUCTS_DIR; };
		B347656B2B7DEFD4006A11A7 /* VodimatorTests.swift */ = {isa = PBXFileReference; lastKnownFileType = sourcecode.swift; path = VodimatorTests.swift; sourceTree = "<group>"; };
		B34765712B7DEFD4006A11A7 /* VodimatorUITests.xctest */ = {isa = PBXFileReference; explicitFileType = wrapper.cfbundle; includeInIndex = 0; path = VodimatorUITests.xctest; sourceTree = BUILT_PRODUCTS_DIR; };
		B34765752B7DEFD4006A11A7 /* VodimatorUITests.swift */ = {isa = PBXFileReference; lastKnownFileType = sourcecode.swift; path = VodimatorUITests.swift; sourceTree = "<group>"; };
		B34765772B7DEFD4006A11A7 /* VodimatorUITestsLaunchTests.swift */ = {isa = PBXFileReference; lastKnownFileType = sourcecode.swift; path = VodimatorUITestsLaunchTests.swift; sourceTree = "<group>"; };
		B34765862B7DF0E6006A11A7 /* Secrets.swift */ = {isa = PBXFileReference; fileEncoding = 4; lastKnownFileType = sourcecode.swift; path = Secrets.swift; sourceTree = "<group>"; };
		B34765892B7DF0E7006A11A7 /* SignInView.swift */ = {isa = PBXFileReference; fileEncoding = 4; lastKnownFileType = sourcecode.swift; path = SignInView.swift; sourceTree = "<group>"; };
		B347658B2B7DF0E7006A11A7 /* SignInResult.swift */ = {isa = PBXFileReference; fileEncoding = 4; lastKnownFileType = sourcecode.swift; path = SignInResult.swift; sourceTree = "<group>"; };
		B347658C2B7DF0E7006A11A7 /* ServerDetails.swift */ = {isa = PBXFileReference; fileEncoding = 4; lastKnownFileType = sourcecode.swift; path = ServerDetails.swift; sourceTree = "<group>"; };
		B347658F2B7DF0E7006A11A7 /* AuthenticationController.swift */ = {isa = PBXFileReference; fileEncoding = 4; lastKnownFileType = sourcecode.swift; path = AuthenticationController.swift; sourceTree = "<group>"; };
		B34765992B7DF1CA006A11A7 /* StringExtensions.swift */ = {isa = PBXFileReference; lastKnownFileType = sourcecode.swift; path = StringExtensions.swift; sourceTree = "<group>"; };
		B347659C2B7DFF09006A11A7 /* NoticeOfConditionsView.swift */ = {isa = PBXFileReference; lastKnownFileType = sourcecode.swift; path = NoticeOfConditionsView.swift; sourceTree = "<group>"; };
		B347659E2B7E0141006A11A7 /* Constants.swift */ = {isa = PBXFileReference; lastKnownFileType = sourcecode.swift; path = Constants.swift; sourceTree = "<group>"; };
/* End PBXFileReference section */

/* Begin PBXFrameworksBuildPhase section */
		B347654E2B7DEFD2006A11A7 /* Frameworks */ = {
			isa = PBXFrameworksBuildPhase;
			buildActionMask = 2147483647;
			files = (
			);
			runOnlyForDeploymentPostprocessing = 0;
		};
		B34765642B7DEFD4006A11A7 /* Frameworks */ = {
			isa = PBXFrameworksBuildPhase;
			buildActionMask = 2147483647;
			files = (
			);
			runOnlyForDeploymentPostprocessing = 0;
		};
		B347656E2B7DEFD4006A11A7 /* Frameworks */ = {
			isa = PBXFrameworksBuildPhase;
			buildActionMask = 2147483647;
			files = (
			);
			runOnlyForDeploymentPostprocessing = 0;
		};
/* End PBXFrameworksBuildPhase section */

/* Begin PBXGroup section */
		B34765482B7DEFD2006A11A7 = {
			isa = PBXGroup;
			children = (
				B34765532B7DEFD2006A11A7 /* Vodimator */,
				B347656A2B7DEFD4006A11A7 /* VodimatorTests */,
				B34765742B7DEFD4006A11A7 /* VodimatorUITests */,
				B34765522B7DEFD2006A11A7 /* Products */,
			);
			sourceTree = "<group>";
		};
		B34765522B7DEFD2006A11A7 /* Products */ = {
			isa = PBXGroup;
			children = (
				B34765512B7DEFD2006A11A7 /* Vodimator.app */,
				B34765672B7DEFD4006A11A7 /* VodimatorTests.xctest */,
				B34765712B7DEFD4006A11A7 /* VodimatorUITests.xctest */,
			);
			name = Products;
			sourceTree = "<group>";
		};
		B34765532B7DEFD2006A11A7 /* Vodimator */ = {
			isa = PBXGroup;
			children = (
				B34765852B7DF0E6006A11A7 /* Secrets */,
				B34765842B7DF0E6006A11A7 /* Shared */,
				B34765872B7DF0E7006A11A7 /* SignIn */,
				B34765542B7DEFD2006A11A7 /* AppDelegate.swift */,
				B34765562B7DEFD2006A11A7 /* SceneDelegate.swift */,
				B34765582B7DEFD2006A11A7 /* ViewController.swift */,
				B347655A2B7DEFD2006A11A7 /* Main.storyboard */,
				B347655D2B7DEFD4006A11A7 /* Assets.xcassets */,
				B347655F2B7DEFD4006A11A7 /* LaunchScreen.storyboard */,
				B34765622B7DEFD4006A11A7 /* Info.plist */,
			);
			path = Vodimator;
			sourceTree = "<group>";
		};
		B347656A2B7DEFD4006A11A7 /* VodimatorTests */ = {
			isa = PBXGroup;
			children = (
				B347656B2B7DEFD4006A11A7 /* VodimatorTests.swift */,
			);
			path = VodimatorTests;
			sourceTree = "<group>";
		};
		B34765742B7DEFD4006A11A7 /* VodimatorUITests */ = {
			isa = PBXGroup;
			children = (
				B34765752B7DEFD4006A11A7 /* VodimatorUITests.swift */,
				B34765772B7DEFD4006A11A7 /* VodimatorUITestsLaunchTests.swift */,
			);
			path = VodimatorUITests;
			sourceTree = "<group>";
		};
		B34765842B7DF0E6006A11A7 /* Shared */ = {
			isa = PBXGroup;
			children = (
				B34765992B7DF1CA006A11A7 /* StringExtensions.swift */,
				B347659C2B7DFF09006A11A7 /* NoticeOfConditionsView.swift */,
			);
			path = Shared;
			sourceTree = "<group>";
		};
		B34765852B7DF0E6006A11A7 /* Secrets */ = {
			isa = PBXGroup;
			children = (
				B34765862B7DF0E6006A11A7 /* Secrets.swift */,
				B347659E2B7E0141006A11A7 /* Constants.swift */,
			);
			path = Secrets;
			sourceTree = "<group>";
		};
		B34765872B7DF0E7006A11A7 /* SignIn */ = {
			isa = PBXGroup;
			children = (
				B34765882B7DF0E7006A11A7 /* UI */,
				B347658A2B7DF0E7006A11A7 /* Models */,
				B347658D2B7DF0E7006A11A7 /* Presentation */,
				B347658E2B7DF0E7006A11A7 /* BackendAPI */,
			);
			path = SignIn;
			sourceTree = "<group>";
		};
		B34765882B7DF0E7006A11A7 /* UI */ = {
			isa = PBXGroup;
			children = (
				B34765892B7DF0E7006A11A7 /* SignInView.swift */,
			);
			path = UI;
			sourceTree = "<group>";
		};
		B347658A2B7DF0E7006A11A7 /* Models */ = {
			isa = PBXGroup;
			children = (
				B347658B2B7DF0E7006A11A7 /* SignInResult.swift */,
				B347658C2B7DF0E7006A11A7 /* ServerDetails.swift */,
			);
			path = Models;
			sourceTree = "<group>";
		};
		B347658D2B7DF0E7006A11A7 /* Presentation */ = {
			isa = PBXGroup;
			children = (
			);
			path = Presentation;
			sourceTree = "<group>";
		};
		B347658E2B7DF0E7006A11A7 /* BackendAPI */ = {
			isa = PBXGroup;
			children = (
				B347658F2B7DF0E7006A11A7 /* AuthenticationController.swift */,
			);
			path = BackendAPI;
			sourceTree = "<group>";
		};
/* End PBXGroup section */

/* Begin PBXNativeTarget section */
		B34765502B7DEFD2006A11A7 /* Vodimator */ = {
			isa = PBXNativeTarget;
			buildConfigurationList = B347657B2B7DEFD4006A11A7 /* Build configuration list for PBXNativeTarget "Vodimator" */;
			buildPhases = (
				B347654D2B7DEFD2006A11A7 /* Sources */,
				B347654E2B7DEFD2006A11A7 /* Frameworks */,
				B347654F2B7DEFD2006A11A7 /* Resources */,
			);
			buildRules = (
			);
			dependencies = (
			);
			name = Vodimator;
			productName = Vodimator;
			productReference = B34765512B7DEFD2006A11A7 /* Vodimator.app */;
			productType = "com.apple.product-type.application";
		};
		B34765662B7DEFD4006A11A7 /* VodimatorTests */ = {
			isa = PBXNativeTarget;
			buildConfigurationList = B347657E2B7DEFD4006A11A7 /* Build configuration list for PBXNativeTarget "VodimatorTests" */;
			buildPhases = (
				B34765632B7DEFD4006A11A7 /* Sources */,
				B34765642B7DEFD4006A11A7 /* Frameworks */,
				B34765652B7DEFD4006A11A7 /* Resources */,
			);
			buildRules = (
			);
			dependencies = (
				B34765692B7DEFD4006A11A7 /* PBXTargetDependency */,
			);
			name = VodimatorTests;
			productName = VodimatorTests;
			productReference = B34765672B7DEFD4006A11A7 /* VodimatorTests.xctest */;
			productType = "com.apple.product-type.bundle.unit-test";
		};
		B34765702B7DEFD4006A11A7 /* VodimatorUITests */ = {
			isa = PBXNativeTarget;
			buildConfigurationList = B34765812B7DEFD4006A11A7 /* Build configuration list for PBXNativeTarget "VodimatorUITests" */;
			buildPhases = (
				B347656D2B7DEFD4006A11A7 /* Sources */,
				B347656E2B7DEFD4006A11A7 /* Frameworks */,
				B347656F2B7DEFD4006A11A7 /* Resources */,
			);
			buildRules = (
			);
			dependencies = (
				B34765732B7DEFD4006A11A7 /* PBXTargetDependency */,
			);
			name = VodimatorUITests;
			productName = VodimatorUITests;
			productReference = B34765712B7DEFD4006A11A7 /* VodimatorUITests.xctest */;
			productType = "com.apple.product-type.bundle.ui-testing";
		};
/* End PBXNativeTarget section */

/* Begin PBXProject section */
		B34765492B7DEFD2006A11A7 /* Project object */ = {
			isa = PBXProject;
			attributes = {
				BuildIndependentTargetsInParallel = 1;
				LastSwiftUpdateCheck = 1500;
				LastUpgradeCheck = 1500;
				TargetAttributes = {
					B34765502B7DEFD2006A11A7 = {
						CreatedOnToolsVersion = 15.0;
					};
					B34765662B7DEFD4006A11A7 = {
						CreatedOnToolsVersion = 15.0;
						TestTargetID = B34765502B7DEFD2006A11A7;
					};
					B34765702B7DEFD4006A11A7 = {
						CreatedOnToolsVersion = 15.0;
						TestTargetID = B34765502B7DEFD2006A11A7;
					};
				};
			};
			buildConfigurationList = B347654C2B7DEFD2006A11A7 /* Build configuration list for PBXProject "Vodimator" */;
			compatibilityVersion = "Xcode 14.0";
			developmentRegion = en;
			hasScannedForEncodings = 0;
			knownRegions = (
				en,
				Base,
			);
			mainGroup = B34765482B7DEFD2006A11A7;
			productRefGroup = B34765522B7DEFD2006A11A7 /* Products */;
			projectDirPath = "";
			projectRoot = "";
			targets = (
				B34765502B7DEFD2006A11A7 /* Vodimator */,
				B34765662B7DEFD4006A11A7 /* VodimatorTests */,
				B34765702B7DEFD4006A11A7 /* VodimatorUITests */,
			);
		};
/* End PBXProject section */

/* Begin PBXResourcesBuildPhase section */
		B347654F2B7DEFD2006A11A7 /* Resources */ = {
			isa = PBXResourcesBuildPhase;
			buildActionMask = 2147483647;
			files = (
				B34765612B7DEFD4006A11A7 /* LaunchScreen.storyboard in Resources */,
				B347655E2B7DEFD4006A11A7 /* Assets.xcassets in Resources */,
				B347655C2B7DEFD2006A11A7 /* Main.storyboard in Resources */,
			);
			runOnlyForDeploymentPostprocessing = 0;
		};
		B34765652B7DEFD4006A11A7 /* Resources */ = {
			isa = PBXResourcesBuildPhase;
			buildActionMask = 2147483647;
			files = (
			);
			runOnlyForDeploymentPostprocessing = 0;
		};
		B347656F2B7DEFD4006A11A7 /* Resources */ = {
			isa = PBXResourcesBuildPhase;
			buildActionMask = 2147483647;
			files = (
			);
			runOnlyForDeploymentPostprocessing = 0;
		};
/* End PBXResourcesBuildPhase section */

/* Begin PBXSourcesBuildPhase section */
		B347654D2B7DEFD2006A11A7 /* Sources */ = {
			isa = PBXSourcesBuildPhase;
			buildActionMask = 2147483647;
			files = (
				B34765922B7DF0E7006A11A7 /* SignInResult.swift in Sources */,
				B347659F2B7E0141006A11A7 /* Constants.swift in Sources */,
				B34765592B7DEFD2006A11A7 /* ViewController.swift in Sources */,
				B34765902B7DF0E7006A11A7 /* Secrets.swift in Sources */,
				B347659A2B7DF1CA006A11A7 /* StringExtensions.swift in Sources */,
				B34765552B7DEFD2006A11A7 /* AppDelegate.swift in Sources */,
				B34765912B7DF0E7006A11A7 /* SignInView.swift in Sources */,
				B34765942B7DF0E7006A11A7 /* AuthenticationController.swift in Sources */,
				B347659D2B7DFF09006A11A7 /* NoticeOfConditionsView.swift in Sources */,
				B34765932B7DF0E7006A11A7 /* ServerDetails.swift in Sources */,
				B34765572B7DEFD2006A11A7 /* SceneDelegate.swift in Sources */,
			);
			runOnlyForDeploymentPostprocessing = 0;
		};
		B34765632B7DEFD4006A11A7 /* Sources */ = {
			isa = PBXSourcesBuildPhase;
			buildActionMask = 2147483647;
			files = (
				B347659B2B7DF1CA006A11A7 /* StringExtensions.swift in Sources */,
				B34765972B7DF127006A11A7 /* SignInResult.swift in Sources */,
				B347656C2B7DEFD4006A11A7 /* VodimatorTests.swift in Sources */,
				B34765962B7DF11B006A11A7 /* ServerDetails.swift in Sources */,
				B34765982B7DF12F006A11A7 /* AuthenticationController.swift in Sources */,
				B34765952B7DF0F2006A11A7 /* Secrets.swift in Sources */,
			);
			runOnlyForDeploymentPostprocessing = 0;
		};
		B347656D2B7DEFD4006A11A7 /* Sources */ = {
			isa = PBXSourcesBuildPhase;
			buildActionMask = 2147483647;
			files = (
				B34765782B7DEFD4006A11A7 /* VodimatorUITestsLaunchTests.swift in Sources */,
				B34765762B7DEFD4006A11A7 /* VodimatorUITests.swift in Sources */,
			);
			runOnlyForDeploymentPostprocessing = 0;
		};
/* End PBXSourcesBuildPhase section */

/* Begin PBXTargetDependency section */
		B34765692B7DEFD4006A11A7 /* PBXTargetDependency */ = {
			isa = PBXTargetDependency;
			target = B34765502B7DEFD2006A11A7 /* Vodimator */;
			targetProxy = B34765682B7DEFD4006A11A7 /* PBXContainerItemProxy */;
		};
		B34765732B7DEFD4006A11A7 /* PBXTargetDependency */ = {
			isa = PBXTargetDependency;
			target = B34765502B7DEFD2006A11A7 /* Vodimator */;
			targetProxy = B34765722B7DEFD4006A11A7 /* PBXContainerItemProxy */;
		};
/* End PBXTargetDependency section */

/* Begin PBXVariantGroup section */
		B347655A2B7DEFD2006A11A7 /* Main.storyboard */ = {
			isa = PBXVariantGroup;
			children = (
				B347655B2B7DEFD2006A11A7 /* Base */,
			);
			name = Main.storyboard;
			sourceTree = "<group>";
		};
		B347655F2B7DEFD4006A11A7 /* LaunchScreen.storyboard */ = {
			isa = PBXVariantGroup;
			children = (
				B34765602B7DEFD4006A11A7 /* Base */,
			);
			name = LaunchScreen.storyboard;
			sourceTree = "<group>";
		};
/* End PBXVariantGroup section */

/* Begin XCBuildConfiguration section */
		B34765792B7DEFD4006A11A7 /* Debug */ = {
			isa = XCBuildConfiguration;
			buildSettings = {
				ALWAYS_SEARCH_USER_PATHS = NO;
				ASSETCATALOG_COMPILER_GENERATE_SWIFT_ASSET_SYMBOL_EXTENSIONS = YES;
				CLANG_ANALYZER_NONNULL = YES;
				CLANG_ANALYZER_NUMBER_OBJECT_CONVERSION = YES_AGGRESSIVE;
				CLANG_CXX_LANGUAGE_STANDARD = "gnu++20";
				CLANG_ENABLE_MODULES = YES;
				CLANG_ENABLE_OBJC_ARC = YES;
				CLANG_ENABLE_OBJC_WEAK = YES;
				CLANG_WARN_BLOCK_CAPTURE_AUTORELEASING = YES;
				CLANG_WARN_BOOL_CONVERSION = YES;
				CLANG_WARN_COMMA = YES;
				CLANG_WARN_CONSTANT_CONVERSION = YES;
				CLANG_WARN_DEPRECATED_OBJC_IMPLEMENTATIONS = YES;
				CLANG_WARN_DIRECT_OBJC_ISA_USAGE = YES_ERROR;
				CLANG_WARN_DOCUMENTATION_COMMENTS = YES;
				CLANG_WARN_EMPTY_BODY = YES;
				CLANG_WARN_ENUM_CONVERSION = YES;
				CLANG_WARN_INFINITE_RECURSION = YES;
				CLANG_WARN_INT_CONVERSION = YES;
				CLANG_WARN_NON_LITERAL_NULL_CONVERSION = YES;
				CLANG_WARN_OBJC_IMPLICIT_RETAIN_SELF = YES;
				CLANG_WARN_OBJC_LITERAL_CONVERSION = YES;
				CLANG_WARN_OBJC_ROOT_CLASS = YES_ERROR;
				CLANG_WARN_QUOTED_INCLUDE_IN_FRAMEWORK_HEADER = YES;
				CLANG_WARN_RANGE_LOOP_ANALYSIS = YES;
				CLANG_WARN_STRICT_PROTOTYPES = YES;
				CLANG_WARN_SUSPICIOUS_MOVE = YES;
				CLANG_WARN_UNGUARDED_AVAILABILITY = YES_AGGRESSIVE;
				CLANG_WARN_UNREACHABLE_CODE = YES;
				CLANG_WARN__DUPLICATE_METHOD_MATCH = YES;
				COPY_PHASE_STRIP = NO;
				DEBUG_INFORMATION_FORMAT = dwarf;
				ENABLE_STRICT_OBJC_MSGSEND = YES;
				ENABLE_TESTABILITY = YES;
				ENABLE_USER_SCRIPT_SANDBOXING = YES;
				GCC_C_LANGUAGE_STANDARD = gnu17;
				GCC_DYNAMIC_NO_PIC = NO;
				GCC_NO_COMMON_BLOCKS = YES;
				GCC_OPTIMIZATION_LEVEL = 0;
				GCC_PREPROCESSOR_DEFINITIONS = (
					"DEBUG=1",
					"$(inherited)",
				);
				GCC_WARN_64_TO_32_BIT_CONVERSION = YES;
				GCC_WARN_ABOUT_RETURN_TYPE = YES_ERROR;
				GCC_WARN_UNDECLARED_SELECTOR = YES;
				GCC_WARN_UNINITIALIZED_AUTOS = YES_AGGRESSIVE;
				GCC_WARN_UNUSED_FUNCTION = YES;
				GCC_WARN_UNUSED_VARIABLE = YES;
				IPHONEOS_DEPLOYMENT_TARGET = 17.0;
				LOCALIZATION_PREFERS_STRING_CATALOGS = YES;
				MTL_ENABLE_DEBUG_INFO = INCLUDE_SOURCE;
				MTL_FAST_MATH = YES;
				ONLY_ACTIVE_ARCH = YES;
				SDKROOT = iphoneos;
				SWIFT_ACTIVE_COMPILATION_CONDITIONS = "DEBUG $(inherited)";
				SWIFT_OPTIMIZATION_LEVEL = "-Onone";
			};
			name = Debug;
		};
		B347657A2B7DEFD4006A11A7 /* Release */ = {
			isa = XCBuildConfiguration;
			buildSettings = {
				ALWAYS_SEARCH_USER_PATHS = NO;
				ASSETCATALOG_COMPILER_GENERATE_SWIFT_ASSET_SYMBOL_EXTENSIONS = YES;
				CLANG_ANALYZER_NONNULL = YES;
				CLANG_ANALYZER_NUMBER_OBJECT_CONVERSION = YES_AGGRESSIVE;
				CLANG_CXX_LANGUAGE_STANDARD = "gnu++20";
				CLANG_ENABLE_MODULES = YES;
				CLANG_ENABLE_OBJC_ARC = YES;
				CLANG_ENABLE_OBJC_WEAK = YES;
				CLANG_WARN_BLOCK_CAPTURE_AUTORELEASING = YES;
				CLANG_WARN_BOOL_CONVERSION = YES;
				CLANG_WARN_COMMA = YES;
				CLANG_WARN_CONSTANT_CONVERSION = YES;
				CLANG_WARN_DEPRECATED_OBJC_IMPLEMENTATIONS = YES;
				CLANG_WARN_DIRECT_OBJC_ISA_USAGE = YES_ERROR;
				CLANG_WARN_DOCUMENTATION_COMMENTS = YES;
				CLANG_WARN_EMPTY_BODY = YES;
				CLANG_WARN_ENUM_CONVERSION = YES;
				CLANG_WARN_INFINITE_RECURSION = YES;
				CLANG_WARN_INT_CONVERSION = YES;
				CLANG_WARN_NON_LITERAL_NULL_CONVERSION = YES;
				CLANG_WARN_OBJC_IMPLICIT_RETAIN_SELF = YES;
				CLANG_WARN_OBJC_LITERAL_CONVERSION = YES;
				CLANG_WARN_OBJC_ROOT_CLASS = YES_ERROR;
				CLANG_WARN_QUOTED_INCLUDE_IN_FRAMEWORK_HEADER = YES;
				CLANG_WARN_RANGE_LOOP_ANALYSIS = YES;
				CLANG_WARN_STRICT_PROTOTYPES = YES;
				CLANG_WARN_SUSPICIOUS_MOVE = YES;
				CLANG_WARN_UNGUARDED_AVAILABILITY = YES_AGGRESSIVE;
				CLANG_WARN_UNREACHABLE_CODE = YES;
				CLANG_WARN__DUPLICATE_METHOD_MATCH = YES;
				COPY_PHASE_STRIP = NO;
				DEBUG_INFORMATION_FORMAT = "dwarf-with-dsym";
				ENABLE_NS_ASSERTIONS = NO;
				ENABLE_STRICT_OBJC_MSGSEND = YES;
				ENABLE_USER_SCRIPT_SANDBOXING = YES;
				GCC_C_LANGUAGE_STANDARD = gnu17;
				GCC_NO_COMMON_BLOCKS = YES;
				GCC_WARN_64_TO_32_BIT_CONVERSION = YES;
				GCC_WARN_ABOUT_RETURN_TYPE = YES_ERROR;
				GCC_WARN_UNDECLARED_SELECTOR = YES;
				GCC_WARN_UNINITIALIZED_AUTOS = YES_AGGRESSIVE;
				GCC_WARN_UNUSED_FUNCTION = YES;
				GCC_WARN_UNUSED_VARIABLE = YES;
				IPHONEOS_DEPLOYMENT_TARGET = 17.0;
				LOCALIZATION_PREFERS_STRING_CATALOGS = YES;
				MTL_ENABLE_DEBUG_INFO = NO;
				MTL_FAST_MATH = YES;
				SDKROOT = iphoneos;
				SWIFT_COMPILATION_MODE = wholemodule;
				VALIDATE_PRODUCT = YES;
			};
			name = Release;
		};
		B347657C2B7DEFD4006A11A7 /* Debug */ = {
			isa = XCBuildConfiguration;
			buildSettings = {
				ASSETCATALOG_COMPILER_APPICON_NAME = AppIcon;
				ASSETCATALOG_COMPILER_GLOBAL_ACCENT_COLOR_NAME = AccentColor;
				CODE_SIGN_STYLE = Automatic;
				CURRENT_PROJECT_VERSION = 1;
				DEVELOPMENT_TEAM = 2F55G78A32;
				GENERATE_INFOPLIST_FILE = YES;
				INFOPLIST_FILE = Vodimator/Info.plist;
				INFOPLIST_KEY_UIApplicationSupportsIndirectInputEvents = YES;
				INFOPLIST_KEY_UILaunchStoryboardName = LaunchScreen;
				INFOPLIST_KEY_UIMainStoryboardFile = Main;
				INFOPLIST_KEY_UISupportedInterfaceOrientations_iPad = "UIInterfaceOrientationPortrait UIInterfaceOrientationPortraitUpsideDown UIInterfaceOrientationLandscapeLeft UIInterfaceOrientationLandscapeRight";
				INFOPLIST_KEY_UISupportedInterfaceOrientations_iPhone = "UIInterfaceOrientationPortrait UIInterfaceOrientationLandscapeLeft UIInterfaceOrientationLandscapeRight";
				LD_RUNPATH_SEARCH_PATHS = (
					"$(inherited)",
					"@executable_path/Frameworks",
				);
				MARKETING_VERSION = 1.0;
				PRODUCT_BUNDLE_IDENTIFIER = com.reely.Vodimator;
				PRODUCT_NAME = "$(TARGET_NAME)";
				SWIFT_EMIT_LOC_STRINGS = YES;
				SWIFT_VERSION = 5.0;
				TARGETED_DEVICE_FAMILY = "1,2";
			};
			name = Debug;
		};
		B347657D2B7DEFD4006A11A7 /* Release */ = {
			isa = XCBuildConfiguration;
			buildSettings = {
				ASSETCATALOG_COMPILER_APPICON_NAME = AppIcon;
				ASSETCATALOG_COMPILER_GLOBAL_ACCENT_COLOR_NAME = AccentColor;
				CODE_SIGN_STYLE = Automatic;
				CURRENT_PROJECT_VERSION = 1;
				DEVELOPMENT_TEAM = 2F55G78A32;
				GENERATE_INFOPLIST_FILE = YES;
				INFOPLIST_FILE = Vodimator/Info.plist;
				INFOPLIST_KEY_UIApplicationSupportsIndirectInputEvents = YES;
				INFOPLIST_KEY_UILaunchStoryboardName = LaunchScreen;
				INFOPLIST_KEY_UIMainStoryboardFile = Main;
				INFOPLIST_KEY_UISupportedInterfaceOrientations_iPad = "UIInterfaceOrientationPortrait UIInterfaceOrientationPortraitUpsideDown UIInterfaceOrientationLandscapeLeft UIInterfaceOrientationLandscapeRight";
				INFOPLIST_KEY_UISupportedInterfaceOrientations_iPhone = "UIInterfaceOrientationPortrait UIInterfaceOrientationLandscapeLeft UIInterfaceOrientationLandscapeRight";
				LD_RUNPATH_SEARCH_PATHS = (
					"$(inherited)",
					"@executable_path/Frameworks",
				);
				MARKETING_VERSION = 1.0;
				PRODUCT_BUNDLE_IDENTIFIER = com.reely.Vodimator;
				PRODUCT_NAME = "$(TARGET_NAME)";
				SWIFT_EMIT_LOC_STRINGS = YES;
				SWIFT_VERSION = 5.0;
				TARGETED_DEVICE_FAMILY = "1,2";
			};
			name = Release;
		};
		B347657F2B7DEFD4006A11A7 /* Debug */ = {
			isa = XCBuildConfiguration;
			buildSettings = {
				ALWAYS_EMBED_SWIFT_STANDARD_LIBRARIES = YES;
				BUNDLE_LOADER = "$(TEST_HOST)";
				CODE_SIGN_STYLE = Automatic;
				CURRENT_PROJECT_VERSION = 1;
				DEVELOPMENT_TEAM = 2F55G78A32;
				GENERATE_INFOPLIST_FILE = YES;
				IPHONEOS_DEPLOYMENT_TARGET = 17.0;
				MARKETING_VERSION = 1.0;
				PRODUCT_BUNDLE_IDENTIFIER = com.reely.VodimatorTests;
				PRODUCT_NAME = "$(TARGET_NAME)";
				SWIFT_EMIT_LOC_STRINGS = NO;
				SWIFT_VERSION = 5.0;
				TARGETED_DEVICE_FAMILY = "1,2";
				TEST_HOST = "$(BUILT_PRODUCTS_DIR)/Vodimator.app/$(BUNDLE_EXECUTABLE_FOLDER_PATH)/Vodimator";
			};
			name = Debug;
		};
		B34765802B7DEFD4006A11A7 /* Release */ = {
			isa = XCBuildConfiguration;
			buildSettings = {
				ALWAYS_EMBED_SWIFT_STANDARD_LIBRARIES = YES;
				BUNDLE_LOADER = "$(TEST_HOST)";
				CODE_SIGN_STYLE = Automatic;
				CURRENT_PROJECT_VERSION = 1;
				DEVELOPMENT_TEAM = 2F55G78A32;
				GENERATE_INFOPLIST_FILE = YES;
				IPHONEOS_DEPLOYMENT_TARGET = 17.0;
				MARKETING_VERSION = 1.0;
				PRODUCT_BUNDLE_IDENTIFIER = com.reely.VodimatorTests;
				PRODUCT_NAME = "$(TARGET_NAME)";
				SWIFT_EMIT_LOC_STRINGS = NO;
				SWIFT_VERSION = 5.0;
				TARGETED_DEVICE_FAMILY = "1,2";
				TEST_HOST = "$(BUILT_PRODUCTS_DIR)/Vodimator.app/$(BUNDLE_EXECUTABLE_FOLDER_PATH)/Vodimator";
			};
			name = Release;
		};
		B34765822B7DEFD4006A11A7 /* Debug */ = {
			isa = XCBuildConfiguration;
			buildSettings = {
				ALWAYS_EMBED_SWIFT_STANDARD_LIBRARIES = YES;
				CODE_SIGN_STYLE = Automatic;
				CURRENT_PROJECT_VERSION = 1;
				DEVELOPMENT_TEAM = 2F55G78A32;
				GENERATE_INFOPLIST_FILE = YES;
				MARKETING_VERSION = 1.0;
				PRODUCT_BUNDLE_IDENTIFIER = com.reely.VodimatorUITests;
				PRODUCT_NAME = "$(TARGET_NAME)";
				SWIFT_EMIT_LOC_STRINGS = NO;
				SWIFT_VERSION = 5.0;
				TARGETED_DEVICE_FAMILY = "1,2";
				TEST_TARGET_NAME = Vodimator;
			};
			name = Debug;
		};
		B34765832B7DEFD4006A11A7 /* Release */ = {
			isa = XCBuildConfiguration;
			buildSettings = {
				ALWAYS_EMBED_SWIFT_STANDARD_LIBRARIES = YES;
				CODE_SIGN_STYLE = Automatic;
				CURRENT_PROJECT_VERSION = 1;
				DEVELOPMENT_TEAM = 2F55G78A32;
				GENERATE_INFOPLIST_FILE = YES;
				MARKETING_VERSION = 1.0;
				PRODUCT_BUNDLE_IDENTIFIER = com.reely.VodimatorUITests;
				PRODUCT_NAME = "$(TARGET_NAME)";
				SWIFT_EMIT_LOC_STRINGS = NO;
				SWIFT_VERSION = 5.0;
				TARGETED_DEVICE_FAMILY = "1,2";
				TEST_TARGET_NAME = Vodimator;
			};
			name = Release;
		};
/* End XCBuildConfiguration section */

/* Begin XCConfigurationList section */
		B347654C2B7DEFD2006A11A7 /* Build configuration list for PBXProject "Vodimator" */ = {
			isa = XCConfigurationList;
			buildConfigurations = (
				B34765792B7DEFD4006A11A7 /* Debug */,
				B347657A2B7DEFD4006A11A7 /* Release */,
			);
			defaultConfigurationIsVisible = 0;
			defaultConfigurationName = Release;
		};
		B347657B2B7DEFD4006A11A7 /* Build configuration list for PBXNativeTarget "Vodimator" */ = {
			isa = XCConfigurationList;
			buildConfigurations = (
				B347657C2B7DEFD4006A11A7 /* Debug */,
				B347657D2B7DEFD4006A11A7 /* Release */,
			);
			defaultConfigurationIsVisible = 0;
			defaultConfigurationName = Release;
		};
		B347657E2B7DEFD4006A11A7 /* Build configuration list for PBXNativeTarget "VodimatorTests" */ = {
			isa = XCConfigurationList;
			buildConfigurations = (
				B347657F2B7DEFD4006A11A7 /* Debug */,
				B34765802B7DEFD4006A11A7 /* Release */,
			);
			defaultConfigurationIsVisible = 0;
			defaultConfigurationName = Release;
		};
		B34765812B7DEFD4006A11A7 /* Build configuration list for PBXNativeTarget "VodimatorUITests" */ = {
			isa = XCConfigurationList;
			buildConfigurations = (
				B34765822B7DEFD4006A11A7 /* Debug */,
				B34765832B7DEFD4006A11A7 /* Release */,
			);
			defaultConfigurationIsVisible = 0;
			defaultConfigurationName = Release;
		};
/* End XCConfigurationList section */
	};
	rootObject = B34765492B7DEFD2006A11A7 /* Project object */;
}
